
Microsoft Visual Studio Solution File, Format Version 12.00
# Visual Studio Version 17
VisualStudioVersion = 17.12.35707.178 d17.12
MinimumVisualStudioVersion = 10.0.40219.1
Project("{FAE04EC0-301F-11D3-BF4B-00C04F79EFBC}") = "Sistema-Financeiro.Api", "Sistema-Financeiro.Api.csproj", "{81F1564D-2A78-48C9-ADB9-7DEE8CFE5C9B}"
EndProject
Global
	GlobalSection(SolutionConfigurationPlatforms) = preSolution
		Debug|Any CPU = Debug|Any CPU
		Release|Any CPU = Release|Any CPU
	EndGlobalSection
	GlobalSection(ProjectConfigurationPlatforms) = postSolution
		{81F1564D-2A78-48C9-ADB9-7DEE8CFE5C9B}.Debug|Any CPU.ActiveCfg = Debug|Any CPU
		{81F1564D-2A78-48C9-ADB9-7DEE8CFE5C9B}.Debug|Any CPU.Build.0 = Debug|Any CPU
		{81F1564D-2A78-48C9-ADB9-7DEE8CFE5C9B}.Release|Any CPU.ActiveCfg = Release|Any CPU
		{81F1564D-2A78-48C9-ADB9-7DEE8CFE5C9B}.Release|Any CPU.Build.0 = Release|Any CPU
	EndGlobalSection
	GlobalSection(SolutionProperties) = preSolution
		HideSolutionNode = FALSE
	EndGlobalSection
EndGlobal
